<?xml version="1.0" encoding="utf-8"?>
<Project ToolsVersion="4.0" xmlns="http://schemas.microsoft.com/developer/msbuild/2003">
  <ItemGroup>
    <Filter Include="src">
      <UniqueIdentifier>{cda78eda-b19b-4d47-8417-c11383d571ff}</UniqueIdentifier>
    </Filter>
    <Filter Include="src\dcc">
      <UniqueIdentifier>{f85df382-33c9-4cb9-a898-661135d49ef6}</UniqueIdentifier>
    </Filter>
    <Filter Include="include">
      <UniqueIdentifier>{f6a2bd93-e8e0-444d-969f-72ad34739b05}</UniqueIdentifier>
    </Filter>
    <Filter Include="include\dcc">
      <UniqueIdentifier>{b60c7fc6-7be7-4937-9c4b-cba2173418c0}</UniqueIdentifier>
    </Filter>
    <Filter Include="src\tpp">
      <UniqueIdentifier>{5f7bb787-b613-4aa3-af94-0cf9c5734398}</UniqueIdentifier>
    </Filter>
    <Filter Include="lib">
      <UniqueIdentifier>{5eeb3a99-ce44-45be-ae7d-12412541b408}</UniqueIdentifier>
    </Filter>
    <Filter Include="lib\src">
      <UniqueIdentifier>{cb8ab338-fc6b-4b1f-a572-4be866ed9ff5}</UniqueIdentifier>
    </Filter>
  </ItemGroup>
  <ItemGroup>
    <ClCompile Include="..\src\main.c">
      <Filter>src</Filter>
    </ClCompile>
    <ClCompile Include="..\src\dcc\lexer.c">
      <Filter>src\dcc</Filter>
    </ClCompile>
    <ClCompile Include="..\src\dcc\tpp-wrapper.c">
      <Filter>src\dcc</Filter>
    </ClCompile>
    <ClCompile Include="..\src\dcc\assembler.c">
      <Filter>src\dcc</Filter>
    </ClCompile>
    <ClCompile Include="..\src\dcc\common.c">
      <Filter>src\dcc</Filter>
    </ClCompile>
    <ClCompile Include="..\src\dcc\vstack.c">
      <Filter>src\dcc</Filter>
    </ClCompile>
    <ClCompile Include="..\src\dcc\type.c">
      <Filter>src\dcc</Filter>
    </ClCompile>
    <ClCompile Include="..\src\dcc\gen.c">
      <Filter>src\dcc</Filter>
    </ClCompile>
    <ClCompile Include="..\src\dcc\unit.c">
      <Filter>src\dcc</Filter>
    </ClCompile>
    <ClCompile Include="..\src\dcc\fundecl.c">
      <Filter>src\dcc</Filter>
    </ClCompile>
    <ClCompile Include="..\src\dcc\unit-merge.c">
      <Filter>src\dcc</Filter>
    </ClCompile>
    <ClCompile Include="..\src\dcc\compiler.c">
      <Filter>src\dcc</Filter>
    </ClCompile>
    <ClCompile Include="..\src\tpp\tpp.c">
      <Filter>src\tpp</Filter>
    </ClCompile>
    <ClCompile Include="..\src\dcc\x86_util-instrlen.c">
      <Filter>src\dcc</Filter>
    </ClCompile>
    <ClCompile Include="..\src\dcc\unit-import.c">
      <Filter>src\dcc</Filter>
    </ClCompile>
    <ClCompile Include="..\src\dcc\linker.c">
      <Filter>src\dcc</Filter>
    </ClCompile>
    <ClCompile Include="..\src\dcc\unit-export.c">
      <Filter>src\dcc</Filter>
    </ClCompile>
    <ClCompile Include="..\src\dcc\cmd.c">
      <Filter>src\dcc</Filter>
    </ClCompile>
    <ClCompile Include="..\src\dcc\cmd-help.c">
      <Filter>src\dcc</Filter>
    </ClCompile>
    <ClCompile Include="..\src\dcc\preprocessor.c">
      <Filter>src\dcc</Filter>
    </ClCompile>
    <ClCompile Include="..\src\dcc\vstack-ext.c">
      <Filter>src\dcc</Filter>
    </ClCompile>
    <ClCompile Include="..\src\dcc\addr2line.c">
      <Filter>src\dcc</Filter>
    </ClCompile>
    <ClCompile Include="..\src\dcc\unit-debug.c">
      <Filter>src\dcc</Filter>
    </ClCompile>
    <ClCompile Include="..\lib\src\addr2line-common.c">
      <Filter>lib\src</Filter>
    </ClCompile>
  </ItemGroup>
  <ItemGroup>
    <ClInclude Include="..\include\dcc\lexer.h">
      <Filter>include\dcc</Filter>
    </ClInclude>
    <ClInclude Include="..\include\dcc\common.h">
      <Filter>include\dcc</Filter>
    </ClInclude>
    <ClInclude Include="..\include\dcc\assembler.h">
      <Filter>include\dcc</Filter>
    </ClInclude>
    <ClInclude Include="..\include\dcc\target.h">
      <Filter>include\dcc</Filter>
    </ClInclude>
    <ClInclude Include="..\include\dcc\vstack.h">
      <Filter>include\dcc</Filter>
    </ClInclude>
    <ClInclude Include="..\include\dcc\gen.h">
      <Filter>include\dcc</Filter>
    </ClInclude>
    <ClInclude Include="..\src\dcc\x86_util.h">
      <Filter>src\dcc</Filter>
    </ClInclude>
    <ClInclude Include="..\src\dcc\lexer-priv.h">
      <Filter>src\dcc</Filter>
    </ClInclude>
    <ClInclude Include="..\include\dcc\type.h">
      <Filter>include\dcc</Filter>
    </ClInclude>
    <ClInclude Include="..\include\dcc\byteorder.h">
      <Filter>include\dcc</Filter>
    </ClInclude>
    <ClInclude Include="..\include\dcc\unit.h">
      <Filter>include\dcc</Filter>
    </ClInclude>
    <ClInclude Include="..\include\dcc\fundecl.h">
      <Filter>include\dcc</Filter>
    </ClInclude>
    <ClInclude Include="..\include\dcc\stream.h">
      <Filter>include\dcc</Filter>
    </ClInclude>
    <ClInclude Include="..\include\dcc\compiler.h">
      <Filter>include\dcc</Filter>
    </ClInclude>
    <ClInclude Include="..\src\tpp\tpp-backwards-compatibility.h">
      <Filter>src\tpp</Filter>
    </ClInclude>
    <ClInclude Include="..\src\tpp\tpp.h">
      <Filter>src\tpp</Filter>
    </ClInclude>
    <ClInclude Include="..\src\dcc\unit-import.h">
      <Filter>src\dcc</Filter>
    </ClInclude>
    <ClInclude Include="..\include\dcc\linker.h">
      <Filter>include\dcc</Filter>
    </ClInclude>
    <ClInclude Include="..\src\dcc\linker-pe.h">
      <Filter>src\dcc</Filter>
    </ClInclude>
    <ClInclude Include="..\src\dcc\linker-elf.h">
      <Filter>src\dcc</Filter>
    </ClInclude>
    <ClInclude Include="..\src\dcc\unit-export.h">
      <Filter>src\dcc</Filter>
    </ClInclude>
    <ClInclude Include="..\src\dcc\cmd.h">
      <Filter>src\dcc</Filter>
    </ClInclude>
    <ClInclude Include="..\include\dcc\preprocessor.h">
      <Filter>include\dcc</Filter>
    </ClInclude>
    <ClInclude Include="..\include\dcc_winmin.h">
      <Filter>include</Filter>
    </ClInclude>
    <ClInclude Include="..\lib\src\addr2line.h">
      <Filter>lib\src</Filter>
    </ClInclude>
    <ClInclude Include="..\include\dcc\addr2line.h">
      <Filter>include\dcc</Filter>
    </ClInclude>
  </ItemGroup>
  <ItemGroup>
    <None Include="..\src\dcc\lexer-attributes.c.inl">
      <Filter>src\dcc</Filter>
    </None>
    <None Include="..\src\dcc\lexer-ctype.c.inl">
      <Filter>src\dcc</Filter>
    </None>
    <None Include="..\src\dcc\lexer-expr.c.inl">
      <Filter>src\dcc</Filter>
    </None>
    <None Include="..\src\dcc\lexer-stmt.c.inl">
      <Filter>src\dcc</Filter>
    </None>
    <None Include="..\include\dcc\def-keywords.inl">
      <Filter>include\dcc</Filter>
    </None>
    <None Include="..\include\dcc\def-asm.inl">
      <Filter>include\dcc</Filter>
    </None>
    <None Include="..\src\dcc\lexer-asm.c.inl">
      <Filter>src\dcc</Filter>
    </None>
    <None Include="..\src\dcc\lexer-builtins.c.inl">
      <Filter>src\dcc</Filter>
    </None>
    <None Include="..\src\dcc\lexer-init.c.inl">
      <Filter>src\dcc</Filter>
    </None>
    <None Include="..\src\dcc\gen-mov.c.inl">
      <Filter>src\dcc</Filter>
    </None>
    <None Include="..\src\dcc\gen-bin.c.inl">
      <Filter>src\dcc</Filter>
    </None>
    <None Include="..\src\dcc\gen-jmp.c.inl">
      <Filter>src\dcc</Filter>
    </None>
    <None Include="..\src\dcc\gen-one.c.inl">
      <Filter>src\dcc</Filter>
    </None>
    <None Include="..\src\dcc\gen-large.c.inl">
      <Filter>src\dcc</Filter>
    </None>
    <None Include="..\src\dcc\gen-misc.c.inl">
      <Filter>src\dcc</Filter>
    </None>
    <None Include="..\src\dcc\lexer-decl.c.inl">
      <Filter>src\dcc</Filter>
    </None>
    <None Include="..\src\tpp\tpp-defs.inl">
      <Filter>src\tpp</Filter>
    </None>
    <None Include="..\src\tpp\tpp-gcc-defs.inl">
      <Filter>src\tpp</Filter>
    </None>
    <None Include="..\src\dcc\linker-pe.c.inl">
      <Filter>src\dcc</Filter>
    </None>
    <None Include="..\src\dcc\linker-elf.c.inl">
      <Filter>src\dcc</Filter>
    </None>
    <None Include="..\src\dcc\unit-import-pe-dynamic.c.inl">
      <Filter>src\dcc</Filter>
    </None>
    <None Include="..\src\dcc\unit-import-pe-static.c.inl">
      <Filter>src\dcc</Filter>
    </None>
    <None Include="..\src\dcc\unit-import-def-dynamic.c.inl">
      <Filter>src\dcc</Filter>
    </None>
    <None Include="..\src\dcc\unit-import-elf.c.inl">
      <Filter>src\dcc</Filter>
    </None>
    <None Include="..\src\dcc\unit-export-elf.c.inl">
      <Filter>src\dcc</Filter>
    </None>
    <None Include="..\src\dcc\unit-import-source.c.inl">
      <Filter>src\dcc</Filter>
    </None>
    <None Include="..\src\dcc\cmd-def.inl">
      <Filter>src\dcc</Filter>
    </None>
    <None Include="..\src\dcc\cmd-parse.c.inl">
      <Filter>src\dcc</Filter>
    </None>
    <None Include="..\src\dcc\unit-secmem.c.inl">
      <Filter>src\dcc</Filter>
    </None>
    <None Include="..\src\dcc\unit-import-arch.c.inl">
      <Filter>src\dcc</Filter>
    </None>
    <None Include="..\src\dcc\lexer-ctype-struct.c.inl">
      <Filter>src\dcc</Filter>
    </None>
    <None Include="..\src\dcc\compiler-std.c.inl">
      <Filter>src\dcc</Filter>
    </None>
    <None Include="..\src\dcc\unit-seccoll.c.inl">
      <Filter>src\dcc</Filter>
    </None>
    <None Include="..\src\dcc\unit-freedat.c.inl">
      <Filter>src\dcc</Filter>
    </None>
    <None Include="..\src\dcc\lexer-builtins-string.c.inl">
      <Filter>src\dcc</Filter>
    </None>
    <None Include="..\src\dcc\lexer-builtins-util.c.inl">
      <Filter>src\dcc</Filter>
    </None>
    <None Include="..\src\dcc\lexer-builtins-malloc.c.inl">
      <Filter>src\dcc</Filter>
    </None>
  </ItemGroup>
</Project>